
Microsoft Visual Studio Solution File, Format Version 12.00
# Visual Studio Version 17
VisualStudioVersion = 17.11.35312.102
MinimumVisualStudioVersion = 10.0.40219.1
Project("{FAE04EC0-301F-11D3-BF4B-00C04F79EFBC}") = "TryCatchPractice", "TryCatchPractice.csproj", "{B1248F4F-0E4F-4D25-A6EC-CBA33EB9F837}"
EndProject
Global
	GlobalSection(SolutionConfigurationPlatforms) = preSolution
		Debug|Any CPU = Debug|Any CPU
		Release|Any CPU = Release|Any CPU
	EndGlobalSection
	GlobalSection(ProjectConfigurationPlatforms) = postSolution
		{B1248F4F-0E4F-4D25-A6EC-CBA33EB9F837}.Debug|Any CPU.ActiveCfg = Debug|Any CPU
		{B1248F4F-0E4F-4D25-A6EC-CBA33EB9F837}.Debug|Any CPU.Build.0 = Debug|Any CPU
		{B1248F4F-0E4F-4D25-A6EC-CBA33EB9F837}.Release|Any CPU.ActiveCfg = Release|Any CPU
		{B1248F4F-0E4F-4D25-A6EC-CBA33EB9F837}.Release|Any CPU.Build.0 = Release|Any CPU
	EndGlobalSection
	GlobalSection(SolutionProperties) = preSolution
		HideSolutionNode = FALSE
	EndGlobalSection
	GlobalSection(ExtensibilityGlobals) = postSolution
		SolutionGuid = {BA5B9306-3AD8-4B7B-A1F2-31A32AE582EC}
	EndGlobalSection
EndGlobal
